github.com/pierrre/assert v0.9.1 h1:03UdKbFBi7S51hKc/QwGA2T6xSUU+Gd+EbeJZafkABU=
github.com/pierrre/assert v0.9.1/go.mod h1:WzmMnIdMjgM/i3YQc25prV4chohAVQP/68b6VNGf73M=
github.com/pierrre/compare v1.4.13 h1:b6gi3OgN1emmD1Ly37m+B/Pbq6tac+w3lNGT5xu4I10=
github.com/pierrre/compare v1.4.13/go.mod h1:+ie0ecM2nS32oLck0FWDstwIUSZ0YF4KBIaACOvKhJM=
github.com/pierrre/go-libs v0.21.2 h1:BH4V4fWHS8LDQH8ZDBkXUpN6daSQz4O4weE8qcPU/n4=
github.com/pierrre/go-libs v0.21.2/go.mod h1:IknPNbwO1dxf4AFvKhr/qL38ymonCwWNToysxEHC1zI=
github.com/pierrre/pretty v0.18.8 h1:zEBy0DcTC1rjTOL5oMmif36vZ76hIlG6o/09LBLzavc=
github.com/pierrre/pretty v0.18.8/go.mod h1:yM1bef4/f1cLOXP1xUKfbzDqBEUIucMOiIhZnZFPNiE=
